
Microsoft Visual Studio Solution File, Format Version 12.00
# Visual Studio Version 17
VisualStudioVersion = 17.9.34714.143
MinimumVisualStudioVersion = 10.0.40219.1
Project("{FAE04EC0-301F-11D3-BF4B-00C04F79EFBC}") = "JwtAuthTemplateNet8", "JwtAuthTemplateNet8.csproj", "{5B94945E-F3AE-4B55-A2A8-ED4AD4698761}"
EndProject
Global
	GlobalSection(SolutionConfigurationPlatforms) = preSolution
		Debug|Any CPU = Debug|Any CPU
		Release|Any CPU = Release|Any CPU
	EndGlobalSection
	GlobalSection(ProjectConfigurationPlatforms) = postSolution
		{5B94945E-F3AE-4B55-A2A8-ED4AD4698761}.Debug|Any CPU.ActiveCfg = Debug|Any CPU
		{5B94945E-F3AE-4B55-A2A8-ED4AD4698761}.Debug|Any CPU.Build.0 = Debug|Any CPU
		{5B94945E-F3AE-4B55-A2A8-ED4AD4698761}.Release|Any CPU.ActiveCfg = Release|Any CPU
		{5B94945E-F3AE-4B55-A2A8-ED4AD4698761}.Release|Any CPU.Build.0 = Release|Any CPU
	EndGlobalSection
	GlobalSection(SolutionProperties) = preSolution
		HideSolutionNode = FALSE
	EndGlobalSection
	GlobalSection(ExtensibilityGlobals) = postSolution
		SolutionGuid = {4BC55799-A0DA-4AD6-BED6-671658901182}
	EndGlobalSection
EndGlobal
